
Microsoft Visual Studio Solution File, Format Version 12.00
# Visual Studio Version 17
VisualStudioVersion = 17.0.31903.59
MinimumVisualStudioVersion = 10.0.40219.1
Project("{2150E333-8FDC-42A3-9474-1A3956D46DE8}") = "src", "src", "{827E0CD3-B72D-47B6-A68D-7590B98EB39B}"
EndProject
Project("{FAE04EC0-301F-11D3-BF4B-00C04F79EFBC}") = "Reactivity.Domain", "src\Reactivity.Domain\Reactivity.Domain.csproj", "{136104DA-C568-46AC-A895-B397BFC94D31}"
EndProject
Project("{FAE04EC0-301F-11D3-BF4B-00C04F79EFBC}") = "Reactivity.Application", "src\Reactivity.Application\Reactivity.Application.csproj", "{3DA690B9-265E-477C-9317-EFFB73E4047E}"
EndProject
Project("{FAE04EC0-301F-11D3-BF4B-00C04F79EFBC}") = "Reactivity.Infrastructure", "src\Reactivity.Infrastructure\Reactivity.Infrastructure.csproj", "{836B6500-A06C-496F-93BE-5ABE239DFE1C}"
EndProject
Project("{FAE04EC0-301F-11D3-BF4B-00C04F79EFBC}") = "Reactivity.Api", "src\Reactivity.Api\Reactivity.Api.csproj", "{19CC7451-CCB2-44F2-9F31-5766DD841B6B}"
EndProject
Global
	GlobalSection(SolutionConfigurationPlatforms) = preSolution
		Debug|Any CPU = Debug|Any CPU
		Debug|x64 = Debug|x64
		Debug|x86 = Debug|x86
		Release|Any CPU = Release|Any CPU
		Release|x64 = Release|x64
		Release|x86 = Release|x86
	EndGlobalSection
	GlobalSection(ProjectConfigurationPlatforms) = postSolution
		{136104DA-C568-46AC-A895-B397BFC94D31}.Debug|Any CPU.ActiveCfg = Debug|Any CPU
		{136104DA-C568-46AC-A895-B397BFC94D31}.Debug|Any CPU.Build.0 = Debug|Any CPU
		{136104DA-C568-46AC-A895-B397BFC94D31}.Debug|x64.ActiveCfg = Debug|Any CPU
		{136104DA-C568-46AC-A895-B397BFC94D31}.Debug|x64.Build.0 = Debug|Any CPU
		{136104DA-C568-46AC-A895-B397BFC94D31}.Debug|x86.ActiveCfg = Debug|Any CPU
		{136104DA-C568-46AC-A895-B397BFC94D31}.Debug|x86.Build.0 = Debug|Any CPU
		{136104DA-C568-46AC-A895-B397BFC94D31}.Release|Any CPU.ActiveCfg = Release|Any CPU
		{136104DA-C568-46AC-A895-B397BFC94D31}.Release|Any CPU.Build.0 = Release|Any CPU
		{136104DA-C568-46AC-A895-B397BFC94D31}.Release|x64.ActiveCfg = Release|Any CPU
		{136104DA-C568-46AC-A895-B397BFC94D31}.Release|x64.Build.0 = Release|Any CPU
		{136104DA-C568-46AC-A895-B397BFC94D31}.Release|x86.ActiveCfg = Release|Any CPU
		{136104DA-C568-46AC-A895-B397BFC94D31}.Release|x86.Build.0 = Release|Any CPU
		{3DA690B9-265E-477C-9317-EFFB73E4047E}.Debug|Any CPU.ActiveCfg = Debug|Any CPU
		{3DA690B9-265E-477C-9317-EFFB73E4047E}.Debug|Any CPU.Build.0 = Debug|Any CPU
		{3DA690B9-265E-477C-9317-EFFB73E4047E}.Debug|x64.ActiveCfg = Debug|Any CPU
		{3DA690B9-265E-477C-9317-EFFB73E4047E}.Debug|x64.Build.0 = Debug|Any CPU
		{3DA690B9-265E-477C-9317-EFFB73E4047E}.Debug|x86.ActiveCfg = Debug|Any CPU
		{3DA690B9-265E-477C-9317-EFFB73E4047E}.Debug|x86.Build.0 = Debug|Any CPU
		{3DA690B9-265E-477C-9317-EFFB73E4047E}.Release|Any CPU.ActiveCfg = Release|Any CPU
		{3DA690B9-265E-477C-9317-EFFB73E4047E}.Release|Any CPU.Build.0 = Release|Any CPU
		{3DA690B9-265E-477C-9317-EFFB73E4047E}.Release|x64.ActiveCfg = Release|Any CPU
		{3DA690B9-265E-477C-9317-EFFB73E4047E}.Release|x64.Build.0 = Release|Any CPU
		{3DA690B9-265E-477C-9317-EFFB73E4047E}.Release|x86.ActiveCfg = Release|Any CPU
		{3DA690B9-265E-477C-9317-EFFB73E4047E}.Release|x86.Build.0 = Release|Any CPU
		{836B6500-A06C-496F-93BE-5ABE239DFE1C}.Debug|Any CPU.ActiveCfg = Debug|Any CPU
		{836B6500-A06C-496F-93BE-5ABE239DFE1C}.Debug|Any CPU.Build.0 = Debug|Any CPU
		{836B6500-A06C-496F-93BE-5ABE239DFE1C}.Debug|x64.ActiveCfg = Debug|Any CPU
		{836B6500-A06C-496F-93BE-5ABE239DFE1C}.Debug|x64.Build.0 = Debug|Any CPU
		{836B6500-A06C-496F-93BE-5ABE239DFE1C}.Debug|x86.ActiveCfg = Debug|Any CPU
		{836B6500-A06C-496F-93BE-5ABE239DFE1C}.Debug|x86.Build.0 = Debug|Any CPU
		{836B6500-A06C-496F-93BE-5ABE239DFE1C}.Release|Any CPU.ActiveCfg = Release|Any CPU
		{836B6500-A06C-496F-93BE-5ABE239DFE1C}.Release|Any CPU.Build.0 = Release|Any CPU
		{836B6500-A06C-496F-93BE-5ABE239DFE1C}.Release|x64.ActiveCfg = Release|Any CPU
		{836B6500-A06C-496F-93BE-5ABE239DFE1C}.Release|x64.Build.0 = Release|Any CPU
		{836B6500-A06C-496F-93BE-5ABE239DFE1C}.Release|x86.ActiveCfg = Release|Any CPU
		{836B6500-A06C-496F-93BE-5ABE239DFE1C}.Release|x86.Build.0 = Release|Any CPU
		{19CC7451-CCB2-44F2-9F31-5766DD841B6B}.Debug|Any CPU.ActiveCfg = Debug|Any CPU
		{19CC7451-CCB2-44F2-9F31-5766DD841B6B}.Debug|Any CPU.Build.0 = Debug|Any CPU
		{19CC7451-CCB2-44F2-9F31-5766DD841B6B}.Debug|x64.ActiveCfg = Debug|Any CPU
		{19CC7451-CCB2-44F2-9F31-5766DD841B6B}.Debug|x64.Build.0 = Debug|Any CPU
		{19CC7451-CCB2-44F2-9F31-5766DD841B6B}.Debug|x86.ActiveCfg = Debug|Any CPU
		{19CC7451-CCB2-44F2-9F31-5766DD841B6B}.Debug|x86.Build.0 = Debug|Any CPU
		{19CC7451-CCB2-44F2-9F31-5766DD841B6B}.Release|Any CPU.ActiveCfg = Release|Any CPU
		{19CC7451-CCB2-44F2-9F31-5766DD841B6B}.Release|Any CPU.Build.0 = Release|Any CPU
		{19CC7451-CCB2-44F2-9F31-5766DD841B6B}.Release|x64.ActiveCfg = Release|Any CPU
		{19CC7451-CCB2-44F2-9F31-5766DD841B6B}.Release|x64.Build.0 = Release|Any CPU
		{19CC7451-CCB2-44F2-9F31-5766DD841B6B}.Release|x86.ActiveCfg = Release|Any CPU
		{19CC7451-CCB2-44F2-9F31-5766DD841B6B}.Release|x86.Build.0 = Release|Any CPU
	EndGlobalSection
	GlobalSection(SolutionProperties) = preSolution
		HideSolutionNode = FALSE
	EndGlobalSection
	GlobalSection(NestedProjects) = preSolution
		{136104DA-C568-46AC-A895-B397BFC94D31} = {827E0CD3-B72D-47B6-A68D-7590B98EB39B}
		{3DA690B9-265E-477C-9317-EFFB73E4047E} = {827E0CD3-B72D-47B6-A68D-7590B98EB39B}
		{836B6500-A06C-496F-93BE-5ABE239DFE1C} = {827E0CD3-B72D-47B6-A68D-7590B98EB39B}
		{19CC7451-CCB2-44F2-9F31-5766DD841B6B} = {827E0CD3-B72D-47B6-A68D-7590B98EB39B}
	EndGlobalSection
EndGlobal
